
Microsoft Visual Studio Solution File, Format Version 12.00
# Visual Studio 15
VisualStudioVersion = 15.0.28307.779
MinimumVisualStudioVersion = 10.0.40219.1
Project("{FAE04EC0-301F-11D3-BF4B-00C04F79EFBC}") = "Lab2(rabota)", "Lab2(rabota)\Lab2(rabota).csproj", "{5135814E-1C46-45CC-933B-E70E6AFE3A3C}"
EndProject
Global
	GlobalSection(SolutionConfigurationPlatforms) = preSolution
		Debug|Any CPU = Debug|Any CPU
		Release|Any CPU = Release|Any CPU
	EndGlobalSection
	GlobalSection(ProjectConfigurationPlatforms) = postSolution
		{5135814E-1C46-45CC-933B-E70E6AFE3A3C}.Debug|Any CPU.ActiveCfg = Debug|Any CPU
		{5135814E-1C46-45CC-933B-E70E6AFE3A3C}.Debug|Any CPU.Build.0 = Debug|Any CPU
		{5135814E-1C46-45CC-933B-E70E6AFE3A3C}.Release|Any CPU.ActiveCfg = Release|Any CPU
		{5135814E-1C46-45CC-933B-E70E6AFE3A3C}.Release|Any CPU.Build.0 = Release|Any CPU
	EndGlobalSection
	GlobalSection(SolutionProperties) = preSolution
		HideSolutionNode = FALSE
	EndGlobalSection
	GlobalSection(ExtensibilityGlobals) = postSolution
		SolutionGuid = {C26D2988-1111-4DBF-96C7-4CBEC38860D1}
	EndGlobalSection
EndGlobal
